
Microsoft Visual Studio Solution File, Format Version 12.00
# Visual Studio 2012
Project("{FAE04EC0-301F-11D3-BF4B-00C04F79EFBC}") = "CheckLas", "CheckLas\CheckLas.csproj", "{88F046D7-E842-4879-B647-50F7717DFDB3}"
EndProject
Project("{FAE04EC0-301F-11D3-BF4B-00C04F79EFBC}") = "WSTest", "WSTest\WSTest.csproj", "{F29A62F5-7B60-4E36-9760-B9AB8282627B}"
	ProjectSection(ProjectDependencies) = postProject
		{88F046D7-E842-4879-B647-50F7717DFDB3} = {88F046D7-E842-4879-B647-50F7717DFDB3}
	EndProjectSection
EndProject
Global
	GlobalSection(SolutionConfigurationPlatforms) = preSolution
		Debug|Any CPU = Debug|Any CPU
		Release|Any CPU = Release|Any CPU
	EndGlobalSection
	GlobalSection(ProjectConfigurationPlatforms) = postSolution
		{88F046D7-E842-4879-B647-50F7717DFDB3}.Debug|Any CPU.ActiveCfg = Debug|Any CPU
		{88F046D7-E842-4879-B647-50F7717DFDB3}.Debug|Any CPU.Build.0 = Debug|Any CPU
		{88F046D7-E842-4879-B647-50F7717DFDB3}.Release|Any CPU.ActiveCfg = Release|Any CPU
		{88F046D7-E842-4879-B647-50F7717DFDB3}.Release|Any CPU.Build.0 = Release|Any CPU
		{F29A62F5-7B60-4E36-9760-B9AB8282627B}.Debug|Any CPU.ActiveCfg = Debug|Any CPU
		{F29A62F5-7B60-4E36-9760-B9AB8282627B}.Debug|Any CPU.Build.0 = Debug|Any CPU
		{F29A62F5-7B60-4E36-9760-B9AB8282627B}.Release|Any CPU.ActiveCfg = Release|Any CPU
		{F29A62F5-7B60-4E36-9760-B9AB8282627B}.Release|Any CPU.Build.0 = Release|Any CPU
	EndGlobalSection
	GlobalSection(SolutionProperties) = preSolution
		HideSolutionNode = FALSE
	EndGlobalSection
EndGlobal
